// !$*UTF8*$!
{
	archiveVersion = 1;
	classes = {
	};
	objectVersion = 46;
	objects = {

/* Begin PBXBuildFile section */
		73213AAF14BECC9700611613 /* Cocoa.framework in Frameworks */ = {isa = PBXBuildFile; fileRef = 73213AAE14BECC9700611613 /* Cocoa.framework */; };
		73213ACC14BECD5E00611613 /* main.m in Sources */ = {isa = PBXBuildFile; fileRef = 73213ACB14BECD5E00611613 /* main.m */; };
		73213ACF14BECD6700611613 /* BMAppDelegate.m in Sources */ = {isa = PBXBuildFile; fileRef = 73213ACE14BECD6700611613 /* BMAppDelegate.m */; };
		73213AD214BECD7000611613 /* MainMenu.xib in Resources */ = {isa = PBXBuildFile; fileRef = 73213AD014BECD7000611613 /* MainMenu.xib */; };
		73213ADE14BECED600611613 /* BirdHouseKit.framework in Frameworks */ = {isa = PBXBuildFile; fileRef = 73213ADB14BECEC200611613 /* BirdHouseKit.framework */; };
		73213AE014BECF1C00611613 /* BirdHouseKit.framework in Copy Frameworks */ = {isa = PBXBuildFile; fileRef = 73213ADB14BECEC200611613 /* BirdHouseKit.framework */; };
		73213AE814BED04200611613 /* BMTableCellView.m in Sources */ = {isa = PBXBuildFile; fileRef = 73213AE714BED04200611613 /* BMTableCellView.m */; };
/* End PBXBuildFile section */

/* Begin PBXContainerItemProxy section */
		73213ADA14BECEC200611613 /* PBXContainerItemProxy */ = {
			isa = PBXContainerItemProxy;
			containerPortal = 73213AD314BECEC200611613 /* BirdHouseKit.xcodeproj */;
			proxyType = 2;
			remoteGlobalIDString = 7395576A14ABAE12009D38FB;
			remoteInfo = BirdHouseKit;
		};
		73213ADC14BECECE00611613 /* PBXContainerItemProxy */ = {
			isa = PBXContainerItemProxy;
			containerPortal = 73213AD314BECEC200611613 /* BirdHouseKit.xcodeproj */;
			proxyType = 1;
			remoteGlobalIDString = 7395576914ABAE12009D38FB;
			remoteInfo = BirdHouseKit;
		};
/* End PBXContainerItemProxy section */

/* Begin PBXCopyFilesBuildPhase section */
		73213ADF14BECEDA00611613 /* Copy Frameworks */ = {
			isa = PBXCopyFilesBuildPhase;
			buildActionMask = 2147483647;
			dstPath = "";
			dstSubfolderSpec = 10;
			files = (
				73213AE014BECF1C00611613 /* BirdHouseKit.framework in Copy Frameworks */,
			);
			name = "Copy Frameworks";
			runOnlyForDeploymentPostprocessing = 0;
		};
/* End PBXCopyFilesBuildPhase section */

/* Begin PBXFileReference section */
		73213AAA14BECC9700611613 /* BirdHouseKitTest.app */ = {isa = PBXFileReference; explicitFileType = wrapper.application; includeInIndex = 0; path = BirdHouseKitTest.app; sourceTree = BUILT_PRODUCTS_DIR; };
		73213AAE14BECC9700611613 /* Cocoa.framework */ = {isa = PBXFileReference; lastKnownFileType = wrapper.framework; name = Cocoa.framework; path = System/Library/Frameworks/Cocoa.framework; sourceTree = SDKROOT; };
		73213AB114BECC9700611613 /* AppKit.framework */ = {isa = PBXFileReference; lastKnownFileType = wrapper.framework; name = AppKit.framework; path = System/Library/Frameworks/AppKit.framework; sourceTree = SDKROOT; };
		73213AB314BECC9700611613 /* Foundation.framework */ = {isa = PBXFileReference; lastKnownFileType = wrapper.framework; name = Foundation.framework; path = System/Library/Frameworks/Foundation.framework; sourceTree = SDKROOT; };
		73213ACB14BECD5E00611613 /* main.m */ = {isa = PBXFileReference; fileEncoding = 4; lastKnownFileType = sourcecode.c.objc; path = main.m; sourceTree = "<group>"; };
		73213ACD14BECD6700611613 /* BMAppDelegate.h */ = {isa = PBXFileReference; fileEncoding = 4; lastKnownFileType = sourcecode.c.h; path = BMAppDelegate.h; sourceTree = "<group>"; };
		73213ACE14BECD6700611613 /* BMAppDelegate.m */ = {isa = PBXFileReference; fileEncoding = 4; lastKnownFileType = sourcecode.c.objc; path = BMAppDelegate.m; sourceTree = "<group>"; };
		73213AD114BECD7000611613 /* en */ = {isa = PBXFileReference; lastKnownFileType = file.xib; name = en; path = en.lproj/MainMenu.xib; sourceTree = "<group>"; };
		73213AD314BECEC200611613 /* BirdHouseKit.xcodeproj */ = {isa = PBXFileReference; lastKnownFileType = "wrapper.pb-project"; name = BirdHouseKit.xcodeproj; path = ../BirdHouseKit.xcodeproj; sourceTree = "<group>"; };
		73213AE614BED04200611613 /* BMTableCellView.h */ = {isa = PBXFileReference; fileEncoding = 4; lastKnownFileType = sourcecode.c.h; path = BMTableCellView.h; sourceTree = "<group>"; };
		73213AE714BED04200611613 /* BMTableCellView.m */ = {isa = PBXFileReference; fileEncoding = 4; lastKnownFileType = sourcecode.c.objc; path = BMTableCellView.m; sourceTree = "<group>"; };
/* End PBXFileReference section */

/* Begin PBXFrameworksBuildPhase section */
		73213AA714BECC9700611613 /* Frameworks */ = {
			isa = PBXFrameworksBuildPhase;
			buildActionMask = 2147483647;
			files = (
				73213ADE14BECED600611613 /* BirdHouseKit.framework in Frameworks */,
				73213AAF14BECC9700611613 /* Cocoa.framework in Frameworks */,
			);
			runOnlyForDeploymentPostprocessing = 0;
		};
/* End PBXFrameworksBuildPhase section */

/* Begin PBXGroup section */
		73213A9F14BECC9600611613 = {
			isa = PBXGroup;
			children = (
				73213AD314BECEC200611613 /* BirdHouseKit.xcodeproj */,
				73213ACB14BECD5E00611613 /* main.m */,
				73213ACD14BECD6700611613 /* BMAppDelegate.h */,
				73213ACE14BECD6700611613 /* BMAppDelegate.m */,
				73213AE614BED04200611613 /* BMTableCellView.h */,
				73213AE714BED04200611613 /* BMTableCellView.m */,
				73213AD014BECD7000611613 /* MainMenu.xib */,
				73213AAD14BECC9700611613 /* Frameworks */,
				73213AAB14BECC9700611613 /* Products */,
			);
			sourceTree = "<group>";
		};
		73213AAB14BECC9700611613 /* Products */ = {
			isa = PBXGroup;
			children = (
				73213AAA14BECC9700611613 /* BirdHouseKitTest.app */,
			);
			name = Products;
			sourceTree = "<group>";
		};
		73213AAD14BECC9700611613 /* Frameworks */ = {
			isa = PBXGroup;
			children = (
				73213AB114BECC9700611613 /* AppKit.framework */,
				73213AB314BECC9700611613 /* Foundation.framework */,
				73213AAE14BECC9700611613 /* Cocoa.framework */,
			);
			name = Frameworks;
			sourceTree = "<group>";
		};
		73213AD414BECEC200611613 /* Products */ = {
			isa = PBXGroup;
			children = (
				73213ADB14BECEC200611613 /* BirdHouseKit.framework */,
			);
			name = Products;
			sourceTree = "<group>";
		};
/* End PBXGroup section */

/* Begin PBXNativeTarget section */
		73213AA914BECC9700611613 /* BirdHouseKitTest */ = {
			isa = PBXNativeTarget;
			buildConfigurationList = 73213AC814BECC9700611613 /* Build configuration list for PBXNativeTarget "BirdHouseKitTest" */;
			buildPhases = (
				73213AA614BECC9700611613 /* Sources */,
				73213AA714BECC9700611613 /* Frameworks */,
				73213AA814BECC9700611613 /* Resources */,
				73213ADF14BECEDA00611613 /* Copy Frameworks */,
			);
			buildRules = (
			);
			dependencies = (
				73213ADD14BECECE00611613 /* PBXTargetDependency */,
			);
			name = BirdHouseKitTest;
			productName = BirdHouseKitTest;
			productReference = 73213AAA14BECC9700611613 /* BirdHouseKitTest.app */;
			productType = "com.apple.product-type.application";
		};
/* End PBXNativeTarget section */

/* Begin PBXProject section */
		73213AA114BECC9600611613 /* Project object */ = {
			isa = PBXProject;
			attributes = {
				LastUpgradeCheck = 0420;
				ORGANIZATIONNAME = "David Keegan";
			};
			buildConfigurationList = 73213AA414BECC9600611613 /* Build configuration list for PBXProject "BirdHouseKitTest" */;
			compatibilityVersion = "Xcode 3.2";
			developmentRegion = English;
			hasScannedForEncodings = 0;
			knownRegions = (
				en,
			);
			mainGroup = 73213A9F14BECC9600611613;
			productRefGroup = 73213AAB14BECC9700611613 /* Products */;
			projectDirPath = "";
			projectReferences = (
				{
					ProductGroup = 73213AD414BECEC200611613 /* Products */;
					ProjectRef = 73213AD314BECEC200611613 /* BirdHouseKit.xcodeproj */;
				},
			);
			projectRoot = "";
			targets = (
				73213AA914BECC9700611613 /* BirdHouseKitTest */,
			);
		};
/* End PBXProject section */

/* Begin PBXReferenceProxy section */
		73213ADB14BECEC200611613 /* BirdHouseKit.framework */ = {
			isa = PBXReferenceProxy;
			fileType = wrapper.framework;
			path = BirdHouseKit.framework;
			remoteRef = 73213ADA14BECEC200611613 /* PBXContainerItemProxy */;
			sourceTree = BUILT_PRODUCTS_DIR;
		};
/* End PBXReferenceProxy section */

/* Begin PBXResourcesBuildPhase section */
		73213AA814BECC9700611613 /* Resources */ = {
			isa = PBXResourcesBuildPhase;
			buildActionMask = 2147483647;
			files = (
				73213AD214BECD7000611613 /* MainMenu.xib in Resources */,
			);
			runOnlyForDeploymentPostprocessing = 0;
		};
/* End PBXResourcesBuildPhase section */

/* Begin PBXSourcesBuildPhase section */
		73213AA614BECC9700611613 /* Sources */ = {
			isa = PBXSourcesBuildPhase;
			buildActionMask = 2147483647;
			files = (
				73213ACC14BECD5E00611613 /* main.m in Sources */,
				73213ACF14BECD6700611613 /* BMAppDelegate.m in Sources */,
				73213AE814BED04200611613 /* BMTableCellView.m in Sources */,
			);
			runOnlyForDeploymentPostprocessing = 0;
		};
/* End PBXSourcesBuildPhase section */

/* Begin PBXTargetDependency section */
		73213ADD14BECECE00611613 /* PBXTargetDependency */ = {
			isa = PBXTargetDependency;
			name = BirdHouseKit;
			targetProxy = 73213ADC14BECECE00611613 /* PBXContainerItemProxy */;
		};
/* End PBXTargetDependency section */

/* Begin PBXVariantGroup section */
		73213AD014BECD7000611613 /* MainMenu.xib */ = {
			isa = PBXVariantGroup;
			children = (
				73213AD114BECD7000611613 /* en */,
			);
			name = MainMenu.xib;
			sourceTree = "<group>";
		};
/* End PBXVariantGroup section */

/* Begin XCBuildConfiguration section */
		73213AC614BECC9700611613 /* Debug */ = {
			isa = XCBuildConfiguration;
			buildSettings = {
				ALWAYS_SEARCH_USER_PATHS = NO;
				ARCHS = "$(ARCHS_STANDARD_64_BIT)";
				CLANG_ENABLE_OBJC_ARC = YES;
				COPY_PHASE_STRIP = NO;
				GCC_C_LANGUAGE_STANDARD = gnu99;
				GCC_DYNAMIC_NO_PIC = NO;
				GCC_ENABLE_OBJC_EXCEPTIONS = YES;
				GCC_OPTIMIZATION_LEVEL = 0;
				GCC_PREPROCESSOR_DEFINITIONS = (
					"DEBUG=1",
					"$(inherited)",
				);
				GCC_SYMBOLS_PRIVATE_EXTERN = NO;
				GCC_VERSION = com.apple.compilers.llvm.clang.1_0;
				GCC_WARN_64_TO_32_BIT_CONVERSION = YES;
				GCC_WARN_ABOUT_MISSING_PROTOTYPES = YES;
				GCC_WARN_ABOUT_RETURN_TYPE = YES;
				GCC_WARN_UNUSED_VARIABLE = YES;
				MACOSX_DEPLOYMENT_TARGET = 10.7;
				ONLY_ACTIVE_ARCH = YES;
				SDKROOT = macosx;
			};
			name = Debug;
		};
		73213AC714BECC9700611613 /* Release */ = {
			isa = XCBuildConfiguration;
			buildSettings = {
				ALWAYS_SEARCH_USER_PATHS = NO;
				ARCHS = "$(ARCHS_STANDARD_64_BIT)";
				CLANG_ENABLE_OBJC_ARC = YES;
				COPY_PHASE_STRIP = YES;
				DEBUG_INFORMATION_FORMAT = "dwarf-with-dsym";
				GCC_C_LANGUAGE_STANDARD = gnu99;
				GCC_ENABLE_OBJC_EXCEPTIONS = YES;
				GCC_VERSION = com.apple.compilers.llvm.clang.1_0;
				GCC_WARN_64_TO_32_BIT_CONVERSION = YES;
				GCC_WARN_ABOUT_MISSING_PROTOTYPES = YES;
				GCC_WARN_ABOUT_RETURN_TYPE = YES;
				GCC_WARN_UNUSED_VARIABLE = YES;
				MACOSX_DEPLOYMENT_TARGET = 10.7;
				SDKROOT = macosx;
			};
			name = Release;
		};
		73213AC914BECC9700611613 /* Debug */ = {
			isa = XCBuildConfiguration;
			buildSettings = {
				INFOPLIST_FILE = "BirdHouseKitTest-Info.plist";
				PRODUCT_NAME = "$(TARGET_NAME)";
				WRAPPER_EXTENSION = app;
			};
			name = Debug;
		};
		73213ACA14BECC9700611613 /* Release */ = {
			isa = XCBuildConfiguration;
			buildSettings = {
				INFOPLIST_FILE = "BirdHouseKitTest-Info.plist";
				PRODUCT_NAME = "$(TARGET_NAME)";
				WRAPPER_EXTENSION = app;
			};
			name = Release;
		};
/* End XCBuildConfiguration section */

/* Begin XCConfigurationList section */
		73213AA414BECC9600611613 /* Build configuration list for PBXProject "BirdHouseKitTest" */ = {
			isa = XCConfigurationList;
			buildConfigurations = (
				73213AC614BECC9700611613 /* Debug */,
				73213AC714BECC9700611613 /* Release */,
			);
			defaultConfigurationIsVisible = 0;
			defaultConfigurationName = Release;
		};
		73213AC814BECC9700611613 /* Build configuration list for PBXNativeTarget "BirdHouseKitTest" */ = {
			isa = XCConfigurationList;
			buildConfigurations = (
				73213AC914BECC9700611613 /* Debug */,
				73213ACA14BECC9700611613 /* Release */,
			);
			defaultConfigurationIsVisible = 0;
			defaultConfigurationName = Release;
		};
/* End XCConfigurationList section */
	};
	rootObject = 73213AA114BECC9600611613 /* Project object */;
}
